
Microsoft Visual Studio Solution File, Format Version 12.00
# Visual Studio 2013
VisualStudioVersion = 12.0.31101.0
MinimumVisualStudioVersion = 10.0.40219.1
Project("{8BC9CEB8-8B4A-11D0-8D11-00A0C91BC942}") = "Loader", "Loader\Loader.vcxproj", "{F6A0CEB9-3BD9-42CB-8FE6-B05A82D368A9}"
EndProject
Project("{8BC9CEB8-8B4A-11D0-8D11-00A0C91BC942}") = "Base", "Base\Base.vcxproj", "{6A69F98F-0208-4D2C-BDD5-A29A7BA89508}"
EndProject
Project("{8BC9CEB8-8B4A-11D0-8D11-00A0C91BC942}") = "A Folder", "..\..\A Folder.vcxproj", "{52D6FFF3-6225-46DC-AF59-B9B19F54398D}"
EndProject
Project("{2150E333-8FDC-42A3-9474-1A3956D46DE8}") = "Resources", "Resources", "{D4B19676-C090-48BA-A3E3-98132E8ED657}"
EndProject
Project("{2150E333-8FDC-42A3-9474-1A3956D46DE8}") = "Code", "Code", "{BFC0B6B1-4ADA-4428-8C63-C82FB73ABB59}"
EndProject
Global
	GlobalSection(SolutionConfigurationPlatforms) = preSolution
		Debug|Win32 = Debug|Win32
		Release|Win32 = Release|Win32
	EndGlobalSection
	GlobalSection(ProjectConfigurationPlatforms) = postSolution
		{F6A0CEB9-3BD9-42CB-8FE6-B05A82D368A9}.Debug|Win32.ActiveCfg = Debug|Win32
		{F6A0CEB9-3BD9-42CB-8FE6-B05A82D368A9}.Debug|Win32.Build.0 = Debug|Win32
		{F6A0CEB9-3BD9-42CB-8FE6-B05A82D368A9}.Release|Win32.ActiveCfg = Release|Win32
		{F6A0CEB9-3BD9-42CB-8FE6-B05A82D368A9}.Release|Win32.Build.0 = Release|Win32
		{6A69F98F-0208-4D2C-BDD5-A29A7BA89508}.Debug|Win32.ActiveCfg = Debug|Win32
		{6A69F98F-0208-4D2C-BDD5-A29A7BA89508}.Debug|Win32.Build.0 = Debug|Win32
		{6A69F98F-0208-4D2C-BDD5-A29A7BA89508}.Release|Win32.ActiveCfg = Release|Win32
		{6A69F98F-0208-4D2C-BDD5-A29A7BA89508}.Release|Win32.Build.0 = Release|Win32
		{52D6FFF3-6225-46DC-AF59-B9B19F54398D}.Debug|Win32.ActiveCfg = Debug|Win32
		{52D6FFF3-6225-46DC-AF59-B9B19F54398D}.Release|Win32.ActiveCfg = Release|Win32
		{52D6FFF3-6225-46DC-AF59-B9B19F54398D}.Release|Win32.Build.0 = Release|Win32
	EndGlobalSection
	GlobalSection(SolutionProperties) = preSolution
		HideSolutionNode = FALSE
	EndGlobalSection
	GlobalSection(NestedProjects) = preSolution
		{F6A0CEB9-3BD9-42CB-8FE6-B05A82D368A9} = {BFC0B6B1-4ADA-4428-8C63-C82FB73ABB59}
		{6A69F98F-0208-4D2C-BDD5-A29A7BA89508} = {BFC0B6B1-4ADA-4428-8C63-C82FB73ABB59}
		{52D6FFF3-6225-46DC-AF59-B9B19F54398D} = {D4B19676-C090-48BA-A3E3-98132E8ED657}
	EndGlobalSection
EndGlobal
