<?xml version="1.0" encoding="utf-8"?>
<Project ToolsVersion="4.0" xmlns="http://schemas.microsoft.com/developer/msbuild/2003">
  <ItemGroup>
    <Filter Include="Code Files">
      <UniqueIdentifier>{06447378-8355-43ed-9fb7-c98824d263ee}</UniqueIdentifier>
    </Filter>
    <Filter Include="Code Files\Lib">
      <UniqueIdentifier>{02b49399-1836-407b-adc4-1e57925b7e68}</UniqueIdentifier>
    </Filter>
    <Filter Include="Code Files\CubeWorld">
      <UniqueIdentifier>{98a1ccc7-411f-479b-be1b-50f97d8ba390}</UniqueIdentifier>
    </Filter>
    <Filter Include="Code Files\Lib\Header Files">
      <UniqueIdentifier>{b18ba137-3799-402c-94ed-adabcc77fe61}</UniqueIdentifier>
    </Filter>
    <Filter Include="Code Files\CubeWorld\Header Files">
      <UniqueIdentifier>{bd2b6987-2070-4e72-85e4-92f78885ecf2}</UniqueIdentifier>
    </Filter>
    <Filter Include="Code Files\App">
      <UniqueIdentifier>{e64a9804-fd72-412e-ad1b-426eb1bfa9b4}</UniqueIdentifier>
    </Filter>
    <Filter Include="Code Files\App\Header">
      <UniqueIdentifier>{97b7ceaf-eaf4-4be2-942c-b2f006b5c20a}</UniqueIdentifier>
    </Filter>
  </ItemGroup>
  <ItemGroup>
    <ClCompile Include="DllMain.cpp">
      <Filter>Code Files</Filter>
    </ClCompile>
    <ClCompile Include="Cave.cpp">
      <Filter>Code Files\Lib</Filter>
    </ClCompile>
    <ClCompile Include="Console.cpp">
      <Filter>Code Files\Lib</Filter>
    </ClCompile>
    <ClCompile Include="App.cpp">
      <Filter>Code Files\App</Filter>
    </ClCompile>
    <ClCompile Include="CubedWorld.cpp">
      <Filter>Code Files\CubeWorld</Filter>
    </ClCompile>
    <ClCompile Include="CodeCaves.cpp">
      <Filter>Code Files\CubeWorld</Filter>
    </ClCompile>
  </ItemGroup>
  <ItemGroup>
    <ClInclude Include="Cave.h">
      <Filter>Code Files\Lib\Header Files</Filter>
    </ClInclude>
    <ClInclude Include="Console.h">
      <Filter>Code Files\Lib\Header Files</Filter>
    </ClInclude>
    <ClInclude Include="stdafx.h" />
    <ClInclude Include="Events.h">
      <Filter>Code Files\CubeWorld\Header Files</Filter>
    </ClInclude>
    <ClInclude Include="App.h">
      <Filter>Code Files\App\Header</Filter>
    </ClInclude>
    <ClInclude Include="CubedWorld.h">
      <Filter>Code Files\CubeWorld\Header Files</Filter>
    </ClInclude>
  </ItemGroup>
</Project>